
Microsoft Visual Studio Solution File, Format Version 12.00
# Visual Studio Version 16
VisualStudioVersion = 16.0.31424.327
MinimumVisualStudioVersion = 10.0.40219.1
Project("{FAE04EC0-301F-11D3-BF4B-00C04F79EFBC}") = "CustomerViewerAPI", "CustomerViewerAPI.csproj", "{83A9EC8A-848E-4CA5-8140-05C9EEB5ECF5}"
EndProject
Global
	GlobalSection(SolutionConfigurationPlatforms) = preSolution
		Debug|Any CPU = Debug|Any CPU
		Release|Any CPU = Release|Any CPU
	EndGlobalSection
	GlobalSection(ProjectConfigurationPlatforms) = postSolution
		{83A9EC8A-848E-4CA5-8140-05C9EEB5ECF5}.Debug|Any CPU.ActiveCfg = Debug|Any CPU
		{83A9EC8A-848E-4CA5-8140-05C9EEB5ECF5}.Debug|Any CPU.Build.0 = Debug|Any CPU
		{83A9EC8A-848E-4CA5-8140-05C9EEB5ECF5}.Release|Any CPU.ActiveCfg = Release|Any CPU
		{83A9EC8A-848E-4CA5-8140-05C9EEB5ECF5}.Release|Any CPU.Build.0 = Release|Any CPU
	EndGlobalSection
	GlobalSection(SolutionProperties) = preSolution
		HideSolutionNode = FALSE
	EndGlobalSection
	GlobalSection(ExtensibilityGlobals) = postSolution
		SolutionGuid = {85071F14-CEC6-4A2A-BF1F-57B2E3A9ECFE}
	EndGlobalSection
EndGlobal
